
Microsoft Visual Studio Solution File, Format Version 12.00
# Visual Studio Version 17
VisualStudioVersion = 17.1.32319.34
MinimumVisualStudioVersion = 10.0.40219.1
Project("{9A19103F-16F7-4668-BE54-9A1E7A4F7556}") = "ClockTask", "ClockTask\ClockTask.csproj", "{4A9E9933-70BC-4B70-B0AB-D38E966D0090}"
EndProject
Project("{FAE04EC0-301F-11D3-BF4B-00C04F79EFBC}") = "Recursion task", "Recursion task\Recursion task.csproj", "{CEAA2E1B-A69F-4604-8FE6-9237FA9E3646}"
EndProject
Global
	GlobalSection(SolutionConfigurationPlatforms) = preSolution
		Debug|Any CPU = Debug|Any CPU
		Release|Any CPU = Release|Any CPU
	EndGlobalSection
	GlobalSection(ProjectConfigurationPlatforms) = postSolution
		{4A9E9933-70BC-4B70-B0AB-D38E966D0090}.Debug|Any CPU.ActiveCfg = Debug|Any CPU
		{4A9E9933-70BC-4B70-B0AB-D38E966D0090}.Debug|Any CPU.Build.0 = Debug|Any CPU
		{4A9E9933-70BC-4B70-B0AB-D38E966D0090}.Release|Any CPU.ActiveCfg = Release|Any CPU
		{4A9E9933-70BC-4B70-B0AB-D38E966D0090}.Release|Any CPU.Build.0 = Release|Any CPU
		{CEAA2E1B-A69F-4604-8FE6-9237FA9E3646}.Debug|Any CPU.ActiveCfg = Debug|Any CPU
		{CEAA2E1B-A69F-4604-8FE6-9237FA9E3646}.Debug|Any CPU.Build.0 = Debug|Any CPU
		{CEAA2E1B-A69F-4604-8FE6-9237FA9E3646}.Release|Any CPU.ActiveCfg = Release|Any CPU
		{CEAA2E1B-A69F-4604-8FE6-9237FA9E3646}.Release|Any CPU.Build.0 = Release|Any CPU
	EndGlobalSection
	GlobalSection(SolutionProperties) = preSolution
		HideSolutionNode = FALSE
	EndGlobalSection
	GlobalSection(ExtensibilityGlobals) = postSolution
		SolutionGuid = {BE048513-D637-46B4-8A5F-35E01DD03DB8}
	EndGlobalSection
EndGlobal
